
Microsoft Visual Studio Solution File, Format Version 12.00
# Visual Studio Express 2012 for Windows Desktop
Project("{FAE04EC0-301F-11D3-BF4B-00C04F79EFBC}") = "LolService", "LolService\LolService.csproj", "{3AD2C320-C729-4DF2-AC1D-0F367FED7B77}"
EndProject
Global
	GlobalSection(SolutionConfigurationPlatforms) = preSolution
		Debug|Any CPU = Debug|Any CPU
		Debug|x86 = Debug|x86
		Release|Any CPU = Release|Any CPU
		Release|x86 = Release|x86
	EndGlobalSection
	GlobalSection(ProjectConfigurationPlatforms) = postSolution
		{3AD2C320-C729-4DF2-AC1D-0F367FED7B77}.Debug|Any CPU.ActiveCfg = Debug|Any CPU
		{3AD2C320-C729-4DF2-AC1D-0F367FED7B77}.Debug|Any CPU.Build.0 = Debug|Any CPU
		{3AD2C320-C729-4DF2-AC1D-0F367FED7B77}.Debug|x86.ActiveCfg = Debug|x86
		{3AD2C320-C729-4DF2-AC1D-0F367FED7B77}.Debug|x86.Build.0 = Debug|x86
		{3AD2C320-C729-4DF2-AC1D-0F367FED7B77}.Release|Any CPU.ActiveCfg = Release|Any CPU
		{3AD2C320-C729-4DF2-AC1D-0F367FED7B77}.Release|Any CPU.Build.0 = Release|Any CPU
		{3AD2C320-C729-4DF2-AC1D-0F367FED7B77}.Release|x86.ActiveCfg = Release|x86
		{3AD2C320-C729-4DF2-AC1D-0F367FED7B77}.Release|x86.Build.0 = Release|x86
	EndGlobalSection
	GlobalSection(SolutionProperties) = preSolution
		HideSolutionNode = FALSE
	EndGlobalSection
EndGlobal
